PODS:
  - Flutter (1.0.0)
  - locale_plus (2.0.0):
    - Flutter

DEPENDENCIES:
  - Flutter (from `Flutter`)
  - locale_plus (from `.symlinks/plugins/locale_plus/ios`)

EXTERNAL SOURCES:
  Flutter:
    :path: Flutter
  locale_plus:
    :path: ".symlinks/plugins/locale_plus/ios"

SPEC CHECKSUMS:
  Flutter: cabc95a1d2626b1b06e7179b784ebcf0c0cde467
  locale_plus: 239ec3a34db25fec56a0bdb03d2765378804e432

PODFILE CHECKSUM: 0dbd5a87e0ace00c9610d2037ac22083a01f861d

COCOAPODS: 1.16.2
