PODS:
  - Flutter (1.0.0)
  - locale_plus (1.0.1):
    - Flutter

DEPENDENCIES:
  - Flutter (from `Flutter`)
  - locale_plus (from `.symlinks/plugins/locale_plus/ios`)

EXTERNAL SOURCES:
  Flutter:
    :path: Flutter
  locale_plus:
    :path: ".symlinks/plugins/locale_plus/ios"

SPEC CHECKSUMS:
  Flutter: e0871f40cf51350855a761d2e70bf5af5b9b5de7
  locale_plus: ed29e4100d650f84061473f1b9c6178a920da4c5

PODFILE CHECKSUM: c4c93c5f6502fe2754f48404d3594bf779584011

COCOAPODS: 1.16.2
