PODS:
  - Flutter (1.0.0)
  - locale_plus (1.0.1):
    - Flutter

DEPENDENCIES:
  - Flutter (from `Flutter`)
  - locale_plus (from `.symlinks/plugins/locale_plus/ios`)

EXTERNAL SOURCES:
  Flutter:
    :path: Flutter
  locale_plus:
    :path: ".symlinks/plugins/locale_plus/ios"

SPEC CHECKSUMS:
  Flutter: 50d75fe2f02b26cc09d224853bb45737f8b3214a
  locale_plus: 89c741a60ee3bad68ddbb86c172ed45db98a5ae3

PODFILE CHECKSUM: ef19549a9bc3046e7bb7d2fab4d021637c0c58a3

COCOAPODS: 1.11.3
